
Microsoft Visual Studio Solution File, Format Version 12.00
# Visual Studio Version 16
VisualStudioVersion = 16.0.31112.23
MinimumVisualStudioVersion = 10.0.40219.1
Project("{8BC9CEB8-8B4A-11D0-8D11-00A0C91BC942}") = "C语言作业专属", "C语言作业专属.vcxproj", "{F5B2F468-1DE8-4BE1-A56B-7E9158054548}"
EndProject
Global
	GlobalSection(SolutionConfigurationPlatforms) = preSolution
		Debug|x64 = Debug|x64
		Debug|x86 = Debug|x86
		Release|x64 = Release|x64
		Release|x86 = Release|x86
	EndGlobalSection
	GlobalSection(ProjectConfigurationPlatforms) = postSolution
		{F5B2F468-1DE8-4BE1-A56B-7E9158054548}.Debug|x64.ActiveCfg = Debug|x64
		{F5B2F468-1DE8-4BE1-A56B-7E9158054548}.Debug|x64.Build.0 = Debug|x64
		{F5B2F468-1DE8-4BE1-A56B-7E9158054548}.Debug|x86.ActiveCfg = Debug|Win32
		{F5B2F468-1DE8-4BE1-A56B-7E9158054548}.Debug|x86.Build.0 = Debug|Win32
		{F5B2F468-1DE8-4BE1-A56B-7E9158054548}.Release|x64.ActiveCfg = Release|x64
		{F5B2F468-1DE8-4BE1-A56B-7E9158054548}.Release|x64.Build.0 = Release|x64
		{F5B2F468-1DE8-4BE1-A56B-7E9158054548}.Release|x86.ActiveCfg = Release|Win32
		{F5B2F468-1DE8-4BE1-A56B-7E9158054548}.Release|x86.Build.0 = Release|Win32
	EndGlobalSection
	GlobalSection(SolutionProperties) = preSolution
		HideSolutionNode = FALSE
	EndGlobalSection
	GlobalSection(ExtensibilityGlobals) = postSolution
		SolutionGuid = {1DA11E5B-BD6E-4BF7-804F-CC17D08A2CC0}
	EndGlobalSection
EndGlobal
